
Microsoft Visual Studio Solution File, Format Version 12.00
# Visual Studio Version 17
VisualStudioVersion = 17.12.35527.113
MinimumVisualStudioVersion = 10.0.40219.1
Project("{2150E333-8FDC-42A3-9474-1A3956D46DE8}") = "src", "src", "{50FE6B14-6AD2-402C-AA81-502B136146BE}"
EndProject
Project("{FAE04EC0-301F-11D3-BF4B-00C04F79EFBC}") = "DevTalk.API", "src\DevTalk.API\DevTalk.API.csproj", "{D1DCB7C7-9C8E-47E2-BD74-1EDBB2A9FB0C}"
EndProject
Project("{FAE04EC0-301F-11D3-BF4B-00C04F79EFBC}") = "DevTalk.Application", "src\DevTalk.Application\DevTalk.Application.csproj", "{12A62920-548E-407E-9BBD-904BE201712D}"
EndProject
Project("{FAE04EC0-301F-11D3-BF4B-00C04F79EFBC}") = "DevTalk.Domain", "src\DevTalk.Domain\DevTalk.Domain.csproj", "{C76D664A-1594-4806-93FD-51C384DEEF92}"
EndProject
Project("{FAE04EC0-301F-11D3-BF4B-00C04F79EFBC}") = "DevTalk.Infrastructure", "src\DevTalk.Infrastructure\DevTalk.Infrastructure.csproj", "{8F3113B8-7B74-4196-BD58-AB560E0A75A3}"
EndProject
Project("{2150E333-8FDC-42A3-9474-1A3956D46DE8}") = "tests", "tests", "{2214A4FA-726D-4E69-AFC6-A3146A14C364}"
EndProject
Project("{FAE04EC0-301F-11D3-BF4B-00C04F79EFBC}") = "DevTalk.APITests", "tests\DevTalk.APITests\DevTalk.APITests.csproj", "{ED784F41-F0F2-409A-8AF9-309A69817529}"
EndProject
Project("{FAE04EC0-301F-11D3-BF4B-00C04F79EFBC}") = "DevTalk.ApplicationTests", "tests\DevTalk.ApplicationTests\DevTalk.ApplicationTests.csproj", "{26C5FFD8-FD28-41C5-AD09-439EA90E82AF}"
EndProject
Project("{2150E333-8FDC-42A3-9474-1A3956D46DE8}") = "Solution Items", "Solution Items", "{34EF3621-A9EC-41C7-8D3C-456FBFF271D5}"
	ProjectSection(SolutionItems) = preProject
		docker-compose.yml = docker-compose.yml
		elasticsearch.yml = elasticsearch.yml
	EndProjectSection
EndProject
Global
	GlobalSection(SolutionConfigurationPlatforms) = preSolution
		Debug|Any CPU = Debug|Any CPU
		Release|Any CPU = Release|Any CPU
	EndGlobalSection
	GlobalSection(ProjectConfigurationPlatforms) = postSolution
		{D1DCB7C7-9C8E-47E2-BD74-1EDBB2A9FB0C}.Debug|Any CPU.ActiveCfg = Debug|Any CPU
		{D1DCB7C7-9C8E-47E2-BD74-1EDBB2A9FB0C}.Debug|Any CPU.Build.0 = Debug|Any CPU
		{D1DCB7C7-9C8E-47E2-BD74-1EDBB2A9FB0C}.Release|Any CPU.ActiveCfg = Release|Any CPU
		{D1DCB7C7-9C8E-47E2-BD74-1EDBB2A9FB0C}.Release|Any CPU.Build.0 = Release|Any CPU
		{12A62920-548E-407E-9BBD-904BE201712D}.Debug|Any CPU.ActiveCfg = Debug|Any CPU
		{12A62920-548E-407E-9BBD-904BE201712D}.Debug|Any CPU.Build.0 = Debug|Any CPU
		{12A62920-548E-407E-9BBD-904BE201712D}.Release|Any CPU.ActiveCfg = Release|Any CPU
		{12A62920-548E-407E-9BBD-904BE201712D}.Release|Any CPU.Build.0 = Release|Any CPU
		{C76D664A-1594-4806-93FD-51C384DEEF92}.Debug|Any CPU.ActiveCfg = Debug|Any CPU
		{C76D664A-1594-4806-93FD-51C384DEEF92}.Debug|Any CPU.Build.0 = Debug|Any CPU
		{C76D664A-1594-4806-93FD-51C384DEEF92}.Release|Any CPU.ActiveCfg = Release|Any CPU
		{C76D664A-1594-4806-93FD-51C384DEEF92}.Release|Any CPU.Build.0 = Release|Any CPU
		{8F3113B8-7B74-4196-BD58-AB560E0A75A3}.Debug|Any CPU.ActiveCfg = Debug|Any CPU
		{8F3113B8-7B74-4196-BD58-AB560E0A75A3}.Debug|Any CPU.Build.0 = Debug|Any CPU
		{8F3113B8-7B74-4196-BD58-AB560E0A75A3}.Release|Any CPU.ActiveCfg = Release|Any CPU
		{8F3113B8-7B74-4196-BD58-AB560E0A75A3}.Release|Any CPU.Build.0 = Release|Any CPU
		{ED784F41-F0F2-409A-8AF9-309A69817529}.Debug|Any CPU.ActiveCfg = Debug|Any CPU
		{ED784F41-F0F2-409A-8AF9-309A69817529}.Debug|Any CPU.Build.0 = Debug|Any CPU
		{ED784F41-F0F2-409A-8AF9-309A69817529}.Release|Any CPU.ActiveCfg = Release|Any CPU
		{ED784F41-F0F2-409A-8AF9-309A69817529}.Release|Any CPU.Build.0 = Release|Any CPU
		{26C5FFD8-FD28-41C5-AD09-439EA90E82AF}.Debug|Any CPU.ActiveCfg = Debug|Any CPU
		{26C5FFD8-FD28-41C5-AD09-439EA90E82AF}.Debug|Any CPU.Build.0 = Debug|Any CPU
		{26C5FFD8-FD28-41C5-AD09-439EA90E82AF}.Release|Any CPU.ActiveCfg = Release|Any CPU
		{26C5FFD8-FD28-41C5-AD09-439EA90E82AF}.Release|Any CPU.Build.0 = Release|Any CPU
	EndGlobalSection
	GlobalSection(SolutionProperties) = preSolution
		HideSolutionNode = FALSE
	EndGlobalSection
	GlobalSection(NestedProjects) = preSolution
		{D1DCB7C7-9C8E-47E2-BD74-1EDBB2A9FB0C} = {50FE6B14-6AD2-402C-AA81-502B136146BE}
		{12A62920-548E-407E-9BBD-904BE201712D} = {50FE6B14-6AD2-402C-AA81-502B136146BE}
		{C76D664A-1594-4806-93FD-51C384DEEF92} = {50FE6B14-6AD2-402C-AA81-502B136146BE}
		{8F3113B8-7B74-4196-BD58-AB560E0A75A3} = {50FE6B14-6AD2-402C-AA81-502B136146BE}
		{ED784F41-F0F2-409A-8AF9-309A69817529} = {2214A4FA-726D-4E69-AFC6-A3146A14C364}
		{26C5FFD8-FD28-41C5-AD09-439EA90E82AF} = {2214A4FA-726D-4E69-AFC6-A3146A14C364}
	EndGlobalSection
EndGlobal
